// !$*UTF8*$!
{
	archiveVersion = 1;
	classes = {
	};
	objectVersion = 52;
	objects = {

/* Begin PBXBuildFile section */
		62258C8226577DB200E1BE46 /* Common.swift in Sources */ = {isa = PBXBuildFile; fileRef = 62258C8126577DB200E1BE46 /* Common.swift */; };
		62258C8526577EE400E1BE46 /* Moya+AnyPublisher.swift in Sources */ = {isa = PBXBuildFile; fileRef = 62258C8426577EE400E1BE46 /* Moya+AnyPublisher.swift */; };
		62258C8826577F4F00E1BE46 /* SwiftEntryKit in Frameworks */ = {isa = PBXBuildFile; productRef = 62258C8726577F4F00E1BE46 /* SwiftEntryKit */; };
		62258C8B26577F9D00E1BE46 /* SwiftyUserDefaults in Frameworks */ = {isa = PBXBuildFile; productRef = 62258C8A26577F9D00E1BE46 /* SwiftyUserDefaults */; };
		62258C8D265780FA00E1BE46 /* SwiftEntryKit++.swift in Sources */ = {isa = PBXBuildFile; fileRef = 62258C8C265780FA00E1BE46 /* SwiftEntryKit++.swift */; };
		62258C8F265781CE00E1BE46 /* Occupiable.swift in Sources */ = {isa = PBXBuildFile; fileRef = 62258C8E265781CE00E1BE46 /* Occupiable.swift */; };
		62258C912657980E00E1BE46 /* MainTabView.swift in Sources */ = {isa = PBXBuildFile; fileRef = 62258C902657980E00E1BE46 /* MainTabView.swift */; };
		622C46FE264FD032001AA0D5 /* NoareCheckApp.swift in Sources */ = {isa = PBXBuildFile; fileRef = 622C46FD264FD032001AA0D5 /* NoareCheckApp.swift */; };
		622C4700264FD032001AA0D5 /* SplashView.swift in Sources */ = {isa = PBXBuildFile; fileRef = 622C46FF264FD032001AA0D5 /* SplashView.swift */; };
		622C4702264FD033001AA0D5 /* Assets.xcassets in Resources */ = {isa = PBXBuildFile; fileRef = 622C4701264FD033001AA0D5 /* Assets.xcassets */; };
		622C4705264FD033001AA0D5 /* Preview Assets.xcassets in Resources */ = {isa = PBXBuildFile; fileRef = 622C4704264FD033001AA0D5 /* Preview Assets.xcassets */; };
		622C470E264FD125001AA0D5 /* Moya in Frameworks */ = {isa = PBXBuildFile; productRef = 622C470D264FD125001AA0D5 /* Moya */; };
		622C4711264FD13F001AA0D5 /* SwiftUIX in Frameworks */ = {isa = PBXBuildFile; productRef = 622C4710264FD13F001AA0D5 /* SwiftUIX */; };
		622C4714264FD174001AA0D5 /* CombineExt in Frameworks */ = {isa = PBXBuildFile; productRef = 622C4713264FD174001AA0D5 /* CombineExt */; };
		62A043FA264FD25600F67617 /* SwifterSwift in Frameworks */ = {isa = PBXBuildFile; productRef = 62A043F9264FD25600F67617 /* SwifterSwift */; };
		62A04400264FD28600F67617 /* Kodable in Frameworks */ = {isa = PBXBuildFile; productRef = 62A043FF264FD28600F67617 /* Kodable */; };
		62A04406264FD31A00F67617 /* ServerEnvironment.swift in Sources */ = {isa = PBXBuildFile; fileRef = 62A04405264FD31A00F67617 /* ServerEnvironment.swift */; };
		62A04408264FD45200F67617 /* KaraokeAPI.swift in Sources */ = {isa = PBXBuildFile; fileRef = 62A04407264FD45200F67617 /* KaraokeAPI.swift */; };
		62A04415264FD63200F67617 /* SearchListContainerView.swift in Sources */ = {isa = PBXBuildFile; fileRef = 62A04414264FD63200F67617 /* SearchListContainerView.swift */; };
		62A04419264FD65600F67617 /* Brand.swift in Sources */ = {isa = PBXBuildFile; fileRef = 62A04418264FD65600F67617 /* Brand.swift */; };
		62A0441B264FD6DA00F67617 /* Song.swift in Sources */ = {isa = PBXBuildFile; fileRef = 62A0441A264FD6DA00F67617 /* Song.swift */; };
		62A0441D264FD7D500F67617 /* SearchListContainerViewModel.swift in Sources */ = {isa = PBXBuildFile; fileRef = 62A0441C264FD7D500F67617 /* SearchListContainerViewModel.swift */; };
		62A04420264FD92900F67617 /* CombineMoya in Frameworks */ = {isa = PBXBuildFile; productRef = 62A0441F264FD92900F67617 /* CombineMoya */; };
		62A04422264FD94E00F67617 /* AppAssets.swift in Sources */ = {isa = PBXBuildFile; fileRef = 62A04421264FD94E00F67617 /* AppAssets.swift */; };
		62A04428264FDF5500F67617 /* SplashViewModel.swift in Sources */ = {isa = PBXBuildFile; fileRef = 62A04427264FDF5500F67617 /* SplashViewModel.swift */; };
		62A0442A264FE10200F67617 /* SongListCellView.swift in Sources */ = {isa = PBXBuildFile; fileRef = 62A04429264FE10200F67617 /* SongListCellView.swift */; };
/* End PBXBuildFile section */

/* Begin PBXFileReference section */
		62258C8126577DB200E1BE46 /* Common.swift */ = {isa = PBXFileReference; lastKnownFileType = sourcecode.swift; path = Common.swift; sourceTree = "<group>"; };
		62258C8426577EE400E1BE46 /* Moya+AnyPublisher.swift */ = {isa = PBXFileReference; lastKnownFileType = sourcecode.swift; path = "Moya+AnyPublisher.swift"; sourceTree = "<group>"; };
		62258C8C265780FA00E1BE46 /* SwiftEntryKit++.swift */ = {isa = PBXFileReference; lastKnownFileType = sourcecode.swift; path = "SwiftEntryKit++.swift"; sourceTree = "<group>"; };
		62258C8E265781CE00E1BE46 /* Occupiable.swift */ = {isa = PBXFileReference; lastKnownFileType = sourcecode.swift; path = Occupiable.swift; sourceTree = "<group>"; };
		62258C902657980E00E1BE46 /* MainTabView.swift */ = {isa = PBXFileReference; lastKnownFileType = sourcecode.swift; path = MainTabView.swift; sourceTree = "<group>"; };
		622C46FA264FD032001AA0D5 /* NoareCheck.app */ = {isa = PBXFileReference; explicitFileType = wrapper.application; includeInIndex = 0; path = NoareCheck.app; sourceTree = BUILT_PRODUCTS_DIR; };
		622C46FD264FD032001AA0D5 /* NoareCheckApp.swift */ = {isa = PBXFileReference; lastKnownFileType = sourcecode.swift; path = NoareCheckApp.swift; sourceTree = "<group>"; };
		622C46FF264FD032001AA0D5 /* SplashView.swift */ = {isa = PBXFileReference; lastKnownFileType = sourcecode.swift; path = SplashView.swift; sourceTree = "<group>"; };
		622C4701264FD033001AA0D5 /* Assets.xcassets */ = {isa = PBXFileReference; lastKnownFileType = folder.assetcatalog; path = Assets.xcassets; sourceTree = "<group>"; };
		622C4704264FD033001AA0D5 /* Preview Assets.xcassets */ = {isa = PBXFileReference; lastKnownFileType = folder.assetcatalog; path = "Preview Assets.xcassets"; sourceTree = "<group>"; };
		622C4706264FD033001AA0D5 /* Info.plist */ = {isa = PBXFileReference; lastKnownFileType = text.plist.xml; path = Info.plist; sourceTree = "<group>"; };
		62A04405264FD31A00F67617 /* ServerEnvironment.swift */ = {isa = PBXFileReference; lastKnownFileType = sourcecode.swift; path = ServerEnvironment.swift; sourceTree = "<group>"; };
		62A04407264FD45200F67617 /* KaraokeAPI.swift */ = {isa = PBXFileReference; lastKnownFileType = sourcecode.swift; path = KaraokeAPI.swift; sourceTree = "<group>"; };
		62A04414264FD63200F67617 /* SearchListContainerView.swift */ = {isa = PBXFileReference; lastKnownFileType = sourcecode.swift; path = SearchListContainerView.swift; sourceTree = "<group>"; };
		62A04418264FD65600F67617 /* Brand.swift */ = {isa = PBXFileReference; lastKnownFileType = sourcecode.swift; path = Brand.swift; sourceTree = "<group>"; };
		62A0441A264FD6DA00F67617 /* Song.swift */ = {isa = PBXFileReference; lastKnownFileType = sourcecode.swift; path = Song.swift; sourceTree = "<group>"; };
		62A0441C264FD7D500F67617 /* SearchListContainerViewModel.swift */ = {isa = PBXFileReference; lastKnownFileType = sourcecode.swift; path = SearchListContainerViewModel.swift; sourceTree = "<group>"; };
		62A04421264FD94E00F67617 /* AppAssets.swift */ = {isa = PBXFileReference; lastKnownFileType = sourcecode.swift; path = AppAssets.swift; sourceTree = "<group>"; };
		62A04427264FDF5500F67617 /* SplashViewModel.swift */ = {isa = PBXFileReference; lastKnownFileType = sourcecode.swift; path = SplashViewModel.swift; sourceTree = "<group>"; };
		62A04429264FE10200F67617 /* SongListCellView.swift */ = {isa = PBXFileReference; lastKnownFileType = sourcecode.swift; path = SongListCellView.swift; sourceTree = "<group>"; };
/* End PBXFileReference section */

/* Begin PBXFrameworksBuildPhase section */
		622C46F7264FD032001AA0D5 /* Frameworks */ = {
			isa = PBXFrameworksBuildPhase;
			buildActionMask = 2147483647;
			files = (
				622C470E264FD125001AA0D5 /* Moya in Frameworks */,
				62258C8826577F4F00E1BE46 /* SwiftEntryKit in Frameworks */,
				62A043FA264FD25600F67617 /* SwifterSwift in Frameworks */,
				622C4714264FD174001AA0D5 /* CombineExt in Frameworks */,
				62A04420264FD92900F67617 /* CombineMoya in Frameworks */,
				62A04400264FD28600F67617 /* Kodable in Frameworks */,
				622C4711264FD13F001AA0D5 /* SwiftUIX in Frameworks */,
				62258C8B26577F9D00E1BE46 /* SwiftyUserDefaults in Frameworks */,
			);
			runOnlyForDeploymentPostprocessing = 0;
		};
/* End PBXFrameworksBuildPhase section */

/* Begin PBXGroup section */
		62258C8326577EDB00E1BE46 /* Extensions */ = {
			isa = PBXGroup;
			children = (
				62258C8426577EE400E1BE46 /* Moya+AnyPublisher.swift */,
				62258C8C265780FA00E1BE46 /* SwiftEntryKit++.swift */,
				62258C8E265781CE00E1BE46 /* Occupiable.swift */,
			);
			path = Extensions;
			sourceTree = "<group>";
		};
		622C46F1264FD032001AA0D5 = {
			isa = PBXGroup;
			children = (
				622C46FC264FD032001AA0D5 /* NoareCheck */,
				622C46FB264FD032001AA0D5 /* Products */,
				62A0441E264FD92900F67617 /* Frameworks */,
			);
			sourceTree = "<group>";
		};
		622C46FB264FD032001AA0D5 /* Products */ = {
			isa = PBXGroup;
			children = (
				622C46FA264FD032001AA0D5 /* NoareCheck.app */,
			);
			name = Products;
			sourceTree = "<group>";
		};
		622C46FC264FD032001AA0D5 /* NoareCheck */ = {
			isa = PBXGroup;
			children = (
				62258C8326577EDB00E1BE46 /* Extensions */,
				62A04417264FD64F00F67617 /* Models */,
				62A04404264FD30A00F67617 /* API */,
				62A04403264FD2FA00F67617 /* Shared */,
				62A04401264FD2DA00F67617 /* Commons */,
				622C46FD264FD032001AA0D5 /* NoareCheckApp.swift */,
				622C4701264FD033001AA0D5 /* Assets.xcassets */,
				622C4706264FD033001AA0D5 /* Info.plist */,
				622C4703264FD033001AA0D5 /* Preview Content */,
			);
			path = NoareCheck;
			sourceTree = "<group>";
		};
		622C4703264FD033001AA0D5 /* Preview Content */ = {
			isa = PBXGroup;
			children = (
				622C4704264FD033001AA0D5 /* Preview Assets.xcassets */,
			);
			path = "Preview Content";
			sourceTree = "<group>";
		};
		62A04401264FD2DA00F67617 /* Commons */ = {
			isa = PBXGroup;
			children = (
				62A04423264FDF1700F67617 /* Main */,
				62A0440F264FD5C500F67617 /* Pupular */,
				62A0440D264FD56400F67617 /* New */,
				62A0440C264FD55300F67617 /* Settings */,
				62A0440B264FD54400F67617 /* Bookmark */,
				62A0440A264FD53D00F67617 /* Search */,
			);
			path = Commons;
			sourceTree = "<group>";
		};
		62A04403264FD2FA00F67617 /* Shared */ = {
			isa = PBXGroup;
			children = (
				62A04405264FD31A00F67617 /* ServerEnvironment.swift */,
				62A04421264FD94E00F67617 /* AppAssets.swift */,
			);
			path = Shared;
			sourceTree = "<group>";
		};
		62A04404264FD30A00F67617 /* API */ = {
			isa = PBXGroup;
			children = (
				62A04407264FD45200F67617 /* KaraokeAPI.swift */,
			);
			path = API;
			sourceTree = "<group>";
		};
		62A0440A264FD53D00F67617 /* Search */ = {
			isa = PBXGroup;
			children = (
				62A04411264FD60400F67617 /* ViewModels */,
				62A04410264FD5E800F67617 /* Views */,
			);
			path = Search;
			sourceTree = "<group>";
		};
		62A0440B264FD54400F67617 /* Bookmark */ = {
			isa = PBXGroup;
			children = (
			);
			path = Bookmark;
			sourceTree = "<group>";
		};
		62A0440C264FD55300F67617 /* Settings */ = {
			isa = PBXGroup;
			children = (
			);
			path = Settings;
			sourceTree = "<group>";
		};
		62A0440D264FD56400F67617 /* New */ = {
			isa = PBXGroup;
			children = (
			);
			path = New;
			sourceTree = "<group>";
		};
		62A0440F264FD5C500F67617 /* Pupular */ = {
			isa = PBXGroup;
			children = (
			);
			path = Pupular;
			sourceTree = "<group>";
		};
		62A04410264FD5E800F67617 /* Views */ = {
			isa = PBXGroup;
			children = (
				62A04416264FD63800F67617 /* Screens */,
				62A04429264FE10200F67617 /* SongListCellView.swift */,
			);
			path = Views;
			sourceTree = "<group>";
		};
		62A04411264FD60400F67617 /* ViewModels */ = {
			isa = PBXGroup;
			children = (
				62A0441C264FD7D500F67617 /* SearchListContainerViewModel.swift */,
			);
			path = ViewModels;
			sourceTree = "<group>";
		};
		62A04416264FD63800F67617 /* Screens */ = {
			isa = PBXGroup;
			children = (
				62A04414264FD63200F67617 /* SearchListContainerView.swift */,
			);
			path = Screens;
			sourceTree = "<group>";
		};
		62A04417264FD64F00F67617 /* Models */ = {
			isa = PBXGroup;
			children = (
				62A04418264FD65600F67617 /* Brand.swift */,
				62A0441A264FD6DA00F67617 /* Song.swift */,
				62258C8126577DB200E1BE46 /* Common.swift */,
			);
			path = Models;
			sourceTree = "<group>";
		};
		62A0441E264FD92900F67617 /* Frameworks */ = {
			isa = PBXGroup;
			children = (
			);
			name = Frameworks;
			sourceTree = "<group>";
		};
		62A04423264FDF1700F67617 /* Main */ = {
			isa = PBXGroup;
			children = (
				62A04425264FDF1E00F67617 /* Views */,
				62A04424264FDF1C00F67617 /* ViewModels */,
			);
			path = Main;
			sourceTree = "<group>";
		};
		62A04424264FDF1C00F67617 /* ViewModels */ = {
			isa = PBXGroup;
			children = (
				62A04427264FDF5500F67617 /* SplashViewModel.swift */,
			);
			path = ViewModels;
			sourceTree = "<group>";
		};
		62A04425264FDF1E00F67617 /* Views */ = {
			isa = PBXGroup;
			children = (
				62A04426264FDF2300F67617 /* Screens */,
			);
			path = Views;
			sourceTree = "<group>";
		};
		62A04426264FDF2300F67617 /* Screens */ = {
			isa = PBXGroup;
			children = (
				622C46FF264FD032001AA0D5 /* SplashView.swift */,
				62258C902657980E00E1BE46 /* MainTabView.swift */,
			);
			path = Screens;
			sourceTree = "<group>";
		};
/* End PBXGroup section */

/* Begin PBXNativeTarget section */
		622C46F9264FD032001AA0D5 /* NoareCheck */ = {
			isa = PBXNativeTarget;
			buildConfigurationList = 622C4709264FD033001AA0D5 /* Build configuration list for PBXNativeTarget "NoareCheck" */;
			buildPhases = (
				622C46F6264FD032001AA0D5 /* Sources */,
				622C46F7264FD032001AA0D5 /* Frameworks */,
				622C46F8264FD032001AA0D5 /* Resources */,
			);
			buildRules = (
			);
			dependencies = (
			);
			name = NoareCheck;
			packageProductDependencies = (
				622C470D264FD125001AA0D5 /* Moya */,
				622C4710264FD13F001AA0D5 /* SwiftUIX */,
				622C4713264FD174001AA0D5 /* CombineExt */,
				62A043F9264FD25600F67617 /* SwifterSwift */,
				62A043FF264FD28600F67617 /* Kodable */,
				62A0441F264FD92900F67617 /* CombineMoya */,
				62258C8726577F4F00E1BE46 /* SwiftEntryKit */,
				62258C8A26577F9D00E1BE46 /* SwiftyUserDefaults */,
			);
			productName = NoareCheck;
			productReference = 622C46FA264FD032001AA0D5 /* NoareCheck.app */;
			productType = "com.apple.product-type.application";
		};
/* End PBXNativeTarget section */

/* Begin PBXProject section */
		622C46F2264FD032001AA0D5 /* Project object */ = {
			isa = PBXProject;
			attributes = {
				LastSwiftUpdateCheck = 1250;
				LastUpgradeCheck = 1250;
				TargetAttributes = {
					622C46F9264FD032001AA0D5 = {
						CreatedOnToolsVersion = 12.5;
					};
				};
			};
			buildConfigurationList = 622C46F5264FD032001AA0D5 /* Build configuration list for PBXProject "NoareCheck" */;
			compatibilityVersion = "Xcode 9.3";
			developmentRegion = en;
			hasScannedForEncodings = 0;
			knownRegions = (
				en,
				Base,
			);
			mainGroup = 622C46F1264FD032001AA0D5;
			packageReferences = (
				622C470C264FD125001AA0D5 /* XCRemoteSwiftPackageReference "Moya" */,
				622C470F264FD13F001AA0D5 /* XCRemoteSwiftPackageReference "SwiftUIX" */,
				622C4712264FD174001AA0D5 /* XCRemoteSwiftPackageReference "CombineExt" */,
				62A043F8264FD25600F67617 /* XCRemoteSwiftPackageReference "SwifterSwift" */,
				62A043FE264FD28600F67617 /* XCRemoteSwiftPackageReference "Kodable" */,
				62258C8626577F4F00E1BE46 /* XCRemoteSwiftPackageReference "SwiftEntryKit" */,
				62258C8926577F9D00E1BE46 /* XCRemoteSwiftPackageReference "SwiftyUserDefaults" */,
			);
			productRefGroup = 622C46FB264FD032001AA0D5 /* Products */;
			projectDirPath = "";
			projectRoot = "";
			targets = (
				622C46F9264FD032001AA0D5 /* NoareCheck */,
			);
		};
/* End PBXProject section */

/* Begin PBXResourcesBuildPhase section */
		622C46F8264FD032001AA0D5 /* Resources */ = {
			isa = PBXResourcesBuildPhase;
			buildActionMask = 2147483647;
			files = (
				622C4705264FD033001AA0D5 /* Preview Assets.xcassets in Resources */,
				622C4702264FD033001AA0D5 /* Assets.xcassets in Resources */,
			);
			runOnlyForDeploymentPostprocessing = 0;
		};
/* End PBXResourcesBuildPhase section */

/* Begin PBXSourcesBuildPhase section */
		622C46F6264FD032001AA0D5 /* Sources */ = {
			isa = PBXSourcesBuildPhase;
			buildActionMask = 2147483647;
			files = (
				62A0441D264FD7D500F67617 /* SearchListContainerViewModel.swift in Sources */,
				62A0441B264FD6DA00F67617 /* Song.swift in Sources */,
				622C4700264FD032001AA0D5 /* SplashView.swift in Sources */,
				62258C912657980E00E1BE46 /* MainTabView.swift in Sources */,
				62A04422264FD94E00F67617 /* AppAssets.swift in Sources */,
				62258C8226577DB200E1BE46 /* Common.swift in Sources */,
				62258C8F265781CE00E1BE46 /* Occupiable.swift in Sources */,
				62A04419264FD65600F67617 /* Brand.swift in Sources */,
				62A0442A264FE10200F67617 /* SongListCellView.swift in Sources */,
				62A04428264FDF5500F67617 /* SplashViewModel.swift in Sources */,
				62258C8526577EE400E1BE46 /* Moya+AnyPublisher.swift in Sources */,
				622C46FE264FD032001AA0D5 /* NoareCheckApp.swift in Sources */,
				62A04406264FD31A00F67617 /* ServerEnvironment.swift in Sources */,
				62A04408264FD45200F67617 /* KaraokeAPI.swift in Sources */,
				62A04415264FD63200F67617 /* SearchListContainerView.swift in Sources */,
				62258C8D265780FA00E1BE46 /* SwiftEntryKit++.swift in Sources */,
			);
			runOnlyForDeploymentPostprocessing = 0;
		};
/* End PBXSourcesBuildPhase section */

/* Begin XCBuildConfiguration section */
		622C4707264FD033001AA0D5 /* Debug */ = {
			isa = XCBuildConfiguration;
			buildSettings = {
				ALWAYS_SEARCH_USER_PATHS = NO;
				CLANG_ANALYZER_NONNULL = YES;
				CLANG_ANALYZER_NUMBER_OBJECT_CONVERSION = YES_AGGRESSIVE;
				CLANG_CXX_LANGUAGE_STANDARD = "gnu++14";
				CLANG_CXX_LIBRARY = "libc++";
				CLANG_ENABLE_MODULES = YES;
				CLANG_ENABLE_OBJC_ARC = YES;
				CLANG_ENABLE_OBJC_WEAK = YES;
				CLANG_WARN_BLOCK_CAPTURE_AUTORELEASING = YES;
				CLANG_WARN_BOOL_CONVERSION = YES;
				CLANG_WARN_COMMA = YES;
				CLANG_WARN_CONSTANT_CONVERSION = YES;
				CLANG_WARN_DEPRECATED_OBJC_IMPLEMENTATIONS = YES;
				CLANG_WARN_DIRECT_OBJC_ISA_USAGE = YES_ERROR;
				CLANG_WARN_DOCUMENTATION_COMMENTS = YES;
				CLANG_WARN_EMPTY_BODY = YES;
				CLANG_WARN_ENUM_CONVERSION = YES;
				CLANG_WARN_INFINITE_RECURSION = YES;
				CLANG_WARN_INT_CONVERSION = YES;
				CLANG_WARN_NON_LITERAL_NULL_CONVERSION = YES;
				CLANG_WARN_OBJC_IMPLICIT_RETAIN_SELF = YES;
				CLANG_WARN_OBJC_LITERAL_CONVERSION = YES;
				CLANG_WARN_OBJC_ROOT_CLASS = YES_ERROR;
				CLANG_WARN_QUOTED_INCLUDE_IN_FRAMEWORK_HEADER = YES;
				CLANG_WARN_RANGE_LOOP_ANALYSIS = YES;
				CLANG_WARN_STRICT_PROTOTYPES = YES;
				CLANG_WARN_SUSPICIOUS_MOVE = YES;
				CLANG_WARN_UNGUARDED_AVAILABILITY = YES_AGGRESSIVE;
				CLANG_WARN_UNREACHABLE_CODE = YES;
				CLANG_WARN__DUPLICATE_METHOD_MATCH = YES;
				COPY_PHASE_STRIP = NO;
				DEBUG_INFORMATION_FORMAT = dwarf;
				ENABLE_STRICT_OBJC_MSGSEND = YES;
				ENABLE_TESTABILITY = YES;
				GCC_C_LANGUAGE_STANDARD = gnu11;
				GCC_DYNAMIC_NO_PIC = NO;
				GCC_NO_COMMON_BLOCKS = YES;
				GCC_OPTIMIZATION_LEVEL = 0;
				GCC_PREPROCESSOR_DEFINITIONS = (
					"DEBUG=1",
					"$(inherited)",
				);
				GCC_WARN_64_TO_32_BIT_CONVERSION = YES;
				GCC_WARN_ABOUT_RETURN_TYPE = YES_ERROR;
				GCC_WARN_UNDECLARED_SELECTOR = YES;
				GCC_WARN_UNINITIALIZED_AUTOS = YES_AGGRESSIVE;
				GCC_WARN_UNUSED_FUNCTION = YES;
				GCC_WARN_UNUSED_VARIABLE = YES;
				IPHONEOS_DEPLOYMENT_TARGET = 14.5;
				MTL_ENABLE_DEBUG_INFO = INCLUDE_SOURCE;
				MTL_FAST_MATH = YES;
				ONLY_ACTIVE_ARCH = YES;
				SDKROOT = iphoneos;
				SWIFT_ACTIVE_COMPILATION_CONDITIONS = DEBUG;
				SWIFT_OPTIMIZATION_LEVEL = "-Onone";
			};
			name = Debug;
		};
		622C4708264FD033001AA0D5 /* Release */ = {
			isa = XCBuildConfiguration;
			buildSettings = {
				ALWAYS_SEARCH_USER_PATHS = NO;
				CLANG_ANALYZER_NONNULL = YES;
				CLANG_ANALYZER_NUMBER_OBJECT_CONVERSION = YES_AGGRESSIVE;
				CLANG_CXX_LANGUAGE_STANDARD = "gnu++14";
				CLANG_CXX_LIBRARY = "libc++";
				CLANG_ENABLE_MODULES = YES;
				CLANG_ENABLE_OBJC_ARC = YES;
				CLANG_ENABLE_OBJC_WEAK = YES;
				CLANG_WARN_BLOCK_CAPTURE_AUTORELEASING = YES;
				CLANG_WARN_BOOL_CONVERSION = YES;
				CLANG_WARN_COMMA = YES;
				CLANG_WARN_CONSTANT_CONVERSION = YES;
				CLANG_WARN_DEPRECATED_OBJC_IMPLEMENTATIONS = YES;
				CLANG_WARN_DIRECT_OBJC_ISA_USAGE = YES_ERROR;
				CLANG_WARN_DOCUMENTATION_COMMENTS = YES;
				CLANG_WARN_EMPTY_BODY = YES;
				CLANG_WARN_ENUM_CONVERSION = YES;
				CLANG_WARN_INFINITE_RECURSION = YES;
				CLANG_WARN_INT_CONVERSION = YES;
				CLANG_WARN_NON_LITERAL_NULL_CONVERSION = YES;
				CLANG_WARN_OBJC_IMPLICIT_RETAIN_SELF = YES;
				CLANG_WARN_OBJC_LITERAL_CONVERSION = YES;
				CLANG_WARN_OBJC_ROOT_CLASS = YES_ERROR;
				CLANG_WARN_QUOTED_INCLUDE_IN_FRAMEWORK_HEADER = YES;
				CLANG_WARN_RANGE_LOOP_ANALYSIS = YES;
				CLANG_WARN_STRICT_PROTOTYPES = YES;
				CLANG_WARN_SUSPICIOUS_MOVE = YES;
				CLANG_WARN_UNGUARDED_AVAILABILITY = YES_AGGRESSIVE;
				CLANG_WARN_UNREACHABLE_CODE = YES;
				CLANG_WARN__DUPLICATE_METHOD_MATCH = YES;
				COPY_PHASE_STRIP = NO;
				DEBUG_INFORMATION_FORMAT = "dwarf-with-dsym";
				ENABLE_NS_ASSERTIONS = NO;
				ENABLE_STRICT_OBJC_MSGSEND = YES;
				GCC_C_LANGUAGE_STANDARD = gnu11;
				GCC_NO_COMMON_BLOCKS = YES;
				GCC_WARN_64_TO_32_BIT_CONVERSION = YES;
				GCC_WARN_ABOUT_RETURN_TYPE = YES_ERROR;
				GCC_WARN_UNDECLARED_SELECTOR = YES;
				GCC_WARN_UNINITIALIZED_AUTOS = YES_AGGRESSIVE;
				GCC_WARN_UNUSED_FUNCTION = YES;
				GCC_WARN_UNUSED_VARIABLE = YES;
				IPHONEOS_DEPLOYMENT_TARGET = 14.5;
				MTL_ENABLE_DEBUG_INFO = NO;
				MTL_FAST_MATH = YES;
				SDKROOT = iphoneos;
				SWIFT_COMPILATION_MODE = wholemodule;
				SWIFT_OPTIMIZATION_LEVEL = "-O";
				VALIDATE_PRODUCT = YES;
			};
			name = Release;
		};
		622C470A264FD033001AA0D5 /* Debug */ = {
			isa = XCBuildConfiguration;
			buildSettings = {
				ASSETCATALOG_COMPILER_APPICON_NAME = AppIcon;
				ASSETCATALOG_COMPILER_GLOBAL_ACCENT_COLOR_NAME = AccentColor;
				CODE_SIGN_STYLE = Automatic;
				DEVELOPMENT_ASSET_PATHS = "\"NoareCheck/Preview Content\"";
				DEVELOPMENT_TEAM = 4BHXT8RHFR;
				ENABLE_PREVIEWS = YES;
				INFOPLIST_FILE = NoareCheck/Info.plist;
				IPHONEOS_DEPLOYMENT_TARGET = 14.0;
				LD_RUNPATH_SEARCH_PATHS = (
					"$(inherited)",
					"@executable_path/Frameworks",
				);
				PRODUCT_BUNDLE_IDENTIFIER = com.PangMo5.NoareCheck;
				PRODUCT_NAME = "$(TARGET_NAME)";
				SWIFT_VERSION = 5.0;
				TARGETED_DEVICE_FAMILY = "1,2";
			};
			name = Debug;
		};
		622C470B264FD033001AA0D5 /* Release */ = {
			isa = XCBuildConfiguration;
			buildSettings = {
				ASSETCATALOG_COMPILER_APPICON_NAME = AppIcon;
				ASSETCATALOG_COMPILER_GLOBAL_ACCENT_COLOR_NAME = AccentColor;
				CODE_SIGN_STYLE = Automatic;
				DEVELOPMENT_ASSET_PATHS = "\"NoareCheck/Preview Content\"";
				DEVELOPMENT_TEAM = 4BHXT8RHFR;
				ENABLE_PREVIEWS = YES;
				INFOPLIST_FILE = NoareCheck/Info.plist;
				IPHONEOS_DEPLOYMENT_TARGET = 14.0;
				LD_RUNPATH_SEARCH_PATHS = (
					"$(inherited)",
					"@executable_path/Frameworks",
				);
				PRODUCT_BUNDLE_IDENTIFIER = com.PangMo5.NoareCheck;
				PRODUCT_NAME = "$(TARGET_NAME)";
				SWIFT_VERSION = 5.0;
				TARGETED_DEVICE_FAMILY = "1,2";
			};
			name = Release;
		};
/* End XCBuildConfiguration section */

/* Begin XCConfigurationList section */
		622C46F5264FD032001AA0D5 /* Build configuration list for PBXProject "NoareCheck" */ = {
			isa = XCConfigurationList;
			buildConfigurations = (
				622C4707264FD033001AA0D5 /* Debug */,
				622C4708264FD033001AA0D5 /* Release */,
			);
			defaultConfigurationIsVisible = 0;
			defaultConfigurationName = Release;
		};
		622C4709264FD033001AA0D5 /* Build configuration list for PBXNativeTarget "NoareCheck" */ = {
			isa = XCConfigurationList;
			buildConfigurations = (
				622C470A264FD033001AA0D5 /* Debug */,
				622C470B264FD033001AA0D5 /* Release */,
			);
			defaultConfigurationIsVisible = 0;
			defaultConfigurationName = Release;
		};
/* End XCConfigurationList section */

/* Begin XCRemoteSwiftPackageReference section */
		62258C8626577F4F00E1BE46 /* XCRemoteSwiftPackageReference "SwiftEntryKit" */ = {
			isa = XCRemoteSwiftPackageReference;
			repositoryURL = "https://github.com/huri000/SwiftEntryKit";
			requirement = {
				kind = upToNextMajorVersion;
				minimumVersion = 1.2.7;
			};
		};
		62258C8926577F9D00E1BE46 /* XCRemoteSwiftPackageReference "SwiftyUserDefaults" */ = {
			isa = XCRemoteSwiftPackageReference;
			repositoryURL = "https://github.com/sunshinejr/SwiftyUserDefaults";
			requirement = {
				kind = upToNextMajorVersion;
				minimumVersion = 5.3.0;
			};
		};
		622C470C264FD125001AA0D5 /* XCRemoteSwiftPackageReference "Moya" */ = {
			isa = XCRemoteSwiftPackageReference;
			repositoryURL = "https://github.com/Moya/Moya";
			requirement = {
				kind = exactVersion;
				version = "15.0.0-alpha.1";
			};
		};
		622C470F264FD13F001AA0D5 /* XCRemoteSwiftPackageReference "SwiftUIX" */ = {
			isa = XCRemoteSwiftPackageReference;
			repositoryURL = "https://github.com/SwiftUIX/SwiftUIX";
			requirement = {
				kind = upToNextMajorVersion;
				minimumVersion = 0.0.6;
			};
		};
		622C4712264FD174001AA0D5 /* XCRemoteSwiftPackageReference "CombineExt" */ = {
			isa = XCRemoteSwiftPackageReference;
			repositoryURL = "https://github.com/CombineCommunity/CombineExt";
			requirement = {
				kind = upToNextMajorVersion;
				minimumVersion = 1.3.0;
			};
		};
		62A043F8264FD25600F67617 /* XCRemoteSwiftPackageReference "SwifterSwift" */ = {
			isa = XCRemoteSwiftPackageReference;
			repositoryURL = "https://github.com/SwifterSwift/SwifterSwift";
			requirement = {
				kind = upToNextMajorVersion;
				minimumVersion = 5.2.0;
			};
		};
		62A043FE264FD28600F67617 /* XCRemoteSwiftPackageReference "Kodable" */ = {
			isa = XCRemoteSwiftPackageReference;
			repositoryURL = "https://github.com/JARMourato/Kodable";
			requirement = {
				kind = upToNextMajorVersion;
				minimumVersion = 1.1.0;
			};
		};
/* End XCRemoteSwiftPackageReference section */

/* Begin XCSwiftPackageProductDependency section */
		62258C8726577F4F00E1BE46 /* SwiftEntryKit */ = {
			isa = XCSwiftPackageProductDependency;
			package = 62258C8626577F4F00E1BE46 /* XCRemoteSwiftPackageReference "SwiftEntryKit" */;
			productName = SwiftEntryKit;
		};
		62258C8A26577F9D00E1BE46 /* SwiftyUserDefaults */ = {
			isa = XCSwiftPackageProductDependency;
			package = 62258C8926577F9D00E1BE46 /* XCRemoteSwiftPackageReference "SwiftyUserDefaults" */;
			productName = SwiftyUserDefaults;
		};
		622C470D264FD125001AA0D5 /* Moya */ = {
			isa = XCSwiftPackageProductDependency;
			package = 622C470C264FD125001AA0D5 /* XCRemoteSwiftPackageReference "Moya" */;
			productName = Moya;
		};
		622C4710264FD13F001AA0D5 /* SwiftUIX */ = {
			isa = XCSwiftPackageProductDependency;
			package = 622C470F264FD13F001AA0D5 /* XCRemoteSwiftPackageReference "SwiftUIX" */;
			productName = SwiftUIX;
		};
		622C4713264FD174001AA0D5 /* CombineExt */ = {
			isa = XCSwiftPackageProductDependency;
			package = 622C4712264FD174001AA0D5 /* XCRemoteSwiftPackageReference "CombineExt" */;
			productName = CombineExt;
		};
		62A043F9264FD25600F67617 /* SwifterSwift */ = {
			isa = XCSwiftPackageProductDependency;
			package = 62A043F8264FD25600F67617 /* XCRemoteSwiftPackageReference "SwifterSwift" */;
			productName = SwifterSwift;
		};
		62A043FF264FD28600F67617 /* Kodable */ = {
			isa = XCSwiftPackageProductDependency;
			package = 62A043FE264FD28600F67617 /* XCRemoteSwiftPackageReference "Kodable" */;
			productName = Kodable;
		};
		62A0441F264FD92900F67617 /* CombineMoya */ = {
			isa = XCSwiftPackageProductDependency;
			package = 622C470C264FD125001AA0D5 /* XCRemoteSwiftPackageReference "Moya" */;
			productName = CombineMoya;
		};
/* End XCSwiftPackageProductDependency section */
	};
	rootObject = 622C46F2264FD032001AA0D5 /* Project object */;
}
